// !$*UTF8*$!
{
	archiveVersion = 1;
	classes = {
	};
	objectVersion = 55;
	objects = {

/* Begin PBXBuildFile section */
		71335444278E41D4002C617A /* ConfiViewProtocol.swift in Sources */ = {isa = PBXBuildFile; fileRef = 71335443278E41D4002C617A /* ConfiViewProtocol.swift */; };
		71335447278E4B55002C617A /* MoviesModel.swift in Sources */ = {isa = PBXBuildFile; fileRef = 71335446278E4B55002C617A /* MoviesModel.swift */; };
		7133544A278E5705002C617A /* MovieHeaderView.swift in Sources */ = {isa = PBXBuildFile; fileRef = 71335449278E5705002C617A /* MovieHeaderView.swift */; };
		71B5A5DC278E3B0C004D0969 /* AppDelegate.swift in Sources */ = {isa = PBXBuildFile; fileRef = 71B5A5DB278E3B0C004D0969 /* AppDelegate.swift */; };
		71B5A5DE278E3B0C004D0969 /* SceneDelegate.swift in Sources */ = {isa = PBXBuildFile; fileRef = 71B5A5DD278E3B0C004D0969 /* SceneDelegate.swift */; };
		71B5A5E5278E3B10004D0969 /* Assets.xcassets in Resources */ = {isa = PBXBuildFile; fileRef = 71B5A5E4278E3B10004D0969 /* Assets.xcassets */; };
		71B5A5E8278E3B10004D0969 /* LaunchScreen.storyboard in Resources */ = {isa = PBXBuildFile; fileRef = 71B5A5E6278E3B10004D0969 /* LaunchScreen.storyboard */; };
		71B5A5F0278E3CEE004D0969 /* MoviesViewController.swift in Sources */ = {isa = PBXBuildFile; fileRef = 71B5A5EF278E3CEE004D0969 /* MoviesViewController.swift */; };
		71B5A5F3278E3EBB004D0969 /* MoviesView.swift in Sources */ = {isa = PBXBuildFile; fileRef = 71B5A5F2278E3EBB004D0969 /* MoviesView.swift */; };
/* End PBXBuildFile section */

/* Begin PBXFileReference section */
		71335443278E41D4002C617A /* ConfiViewProtocol.swift */ = {isa = PBXFileReference; lastKnownFileType = sourcecode.swift; path = ConfiViewProtocol.swift; sourceTree = "<group>"; };
		71335446278E4B55002C617A /* MoviesModel.swift */ = {isa = PBXFileReference; lastKnownFileType = sourcecode.swift; path = MoviesModel.swift; sourceTree = "<group>"; };
		71335449278E5705002C617A /* MovieHeaderView.swift */ = {isa = PBXFileReference; lastKnownFileType = sourcecode.swift; path = MovieHeaderView.swift; sourceTree = "<group>"; };
		71B5A5D8278E3B0C004D0969 /* TesteMobile2You.app */ = {isa = PBXFileReference; explicitFileType = wrapper.application; includeInIndex = 0; path = TesteMobile2You.app; sourceTree = BUILT_PRODUCTS_DIR; };
		71B5A5DB278E3B0C004D0969 /* AppDelegate.swift */ = {isa = PBXFileReference; lastKnownFileType = sourcecode.swift; path = AppDelegate.swift; sourceTree = "<group>"; };
		71B5A5DD278E3B0C004D0969 /* SceneDelegate.swift */ = {isa = PBXFileReference; lastKnownFileType = sourcecode.swift; path = SceneDelegate.swift; sourceTree = "<group>"; };
		71B5A5E4278E3B10004D0969 /* Assets.xcassets */ = {isa = PBXFileReference; lastKnownFileType = folder.assetcatalog; path = Assets.xcassets; sourceTree = "<group>"; };
		71B5A5E7278E3B10004D0969 /* Base */ = {isa = PBXFileReference; lastKnownFileType = file.storyboard; name = Base; path = Base.lproj/LaunchScreen.storyboard; sourceTree = "<group>"; };
		71B5A5E9278E3B10004D0969 /* Info.plist */ = {isa = PBXFileReference; lastKnownFileType = text.plist.xml; path = Info.plist; sourceTree = "<group>"; };
		71B5A5EF278E3CEE004D0969 /* MoviesViewController.swift */ = {isa = PBXFileReference; lastKnownFileType = sourcecode.swift; path = MoviesViewController.swift; sourceTree = "<group>"; };
		71B5A5F2278E3EBB004D0969 /* MoviesView.swift */ = {isa = PBXFileReference; lastKnownFileType = sourcecode.swift; path = MoviesView.swift; sourceTree = "<group>"; };
/* End PBXFileReference section */

/* Begin PBXFrameworksBuildPhase section */
		71B5A5D5278E3B0C004D0969 /* Frameworks */ = {
			isa = PBXFrameworksBuildPhase;
			buildActionMask = 2147483647;
			files = (
			);
			runOnlyForDeploymentPostprocessing = 0;
		};
/* End PBXFrameworksBuildPhase section */

/* Begin PBXGroup section */
		71335442278E4183002C617A /* Protocols */ = {
			isa = PBXGroup;
			children = (
				71335443278E41D4002C617A /* ConfiViewProtocol.swift */,
			);
			path = Protocols;
			sourceTree = "<group>";
		};
		71335445278E4B3A002C617A /* Models */ = {
			isa = PBXGroup;
			children = (
				71335446278E4B55002C617A /* MoviesModel.swift */,
			);
			path = Models;
			sourceTree = "<group>";
		};
		71335448278E56B2002C617A /* CustomCells */ = {
			isa = PBXGroup;
			children = (
				71335449278E5705002C617A /* MovieHeaderView.swift */,
			);
			path = CustomCells;
			sourceTree = "<group>";
		};
		7133544B278E63FA002C617A /* Views */ = {
			isa = PBXGroup;
			children = (
				71B5A5EF278E3CEE004D0969 /* MoviesViewController.swift */,
				71B5A5F2278E3EBB004D0969 /* MoviesView.swift */,
			);
			path = Views;
			sourceTree = "<group>";
		};
		7133544C278E6416002C617A /* ViewModels */ = {
			isa = PBXGroup;
			children = (
			);
			path = ViewModels;
			sourceTree = "<group>";
		};
		71B5A5CF278E3B0B004D0969 = {
			isa = PBXGroup;
			children = (
				71B5A5DA278E3B0C004D0969 /* TesteMobile2You */,
				71B5A5D9278E3B0C004D0969 /* Products */,
			);
			sourceTree = "<group>";
		};
		71B5A5D9278E3B0C004D0969 /* Products */ = {
			isa = PBXGroup;
			children = (
				71B5A5D8278E3B0C004D0969 /* TesteMobile2You.app */,
			);
			name = Products;
			sourceTree = "<group>";
		};
		71B5A5DA278E3B0C004D0969 /* TesteMobile2You */ = {
			isa = PBXGroup;
			children = (
				71B5A5DB278E3B0C004D0969 /* AppDelegate.swift */,
				71B5A5DD278E3B0C004D0969 /* SceneDelegate.swift */,
				71B5A5F1278E3E7B004D0969 /* Filmes */,
				71335442278E4183002C617A /* Protocols */,
				71B5A5E4278E3B10004D0969 /* Assets.xcassets */,
				71B5A5E6278E3B10004D0969 /* LaunchScreen.storyboard */,
				71B5A5E9278E3B10004D0969 /* Info.plist */,
			);
			path = TesteMobile2You;
			sourceTree = "<group>";
		};
		71B5A5F1278E3E7B004D0969 /* Filmes */ = {
			isa = PBXGroup;
			children = (
				71335445278E4B3A002C617A /* Models */,
				7133544B278E63FA002C617A /* Views */,
				7133544C278E6416002C617A /* ViewModels */,
				71335448278E56B2002C617A /* CustomCells */,
			);
			path = Filmes;
			sourceTree = "<group>";
		};
/* End PBXGroup section */

/* Begin PBXNativeTarget section */
		71B5A5D7278E3B0C004D0969 /* TesteMobile2You */ = {
			isa = PBXNativeTarget;
			buildConfigurationList = 71B5A5EC278E3B10004D0969 /* Build configuration list for PBXNativeTarget "TesteMobile2You" */;
			buildPhases = (
				71B5A5D4278E3B0C004D0969 /* Sources */,
				71B5A5D5278E3B0C004D0969 /* Frameworks */,
				71B5A5D6278E3B0C004D0969 /* Resources */,
			);
			buildRules = (
			);
			dependencies = (
			);
			name = TesteMobile2You;
			productName = TesteMobile2You;
			productReference = 71B5A5D8278E3B0C004D0969 /* TesteMobile2You.app */;
			productType = "com.apple.product-type.application";
		};
/* End PBXNativeTarget section */

/* Begin PBXProject section */
		71B5A5D0278E3B0B004D0969 /* Project object */ = {
			isa = PBXProject;
			attributes = {
				BuildIndependentTargetsInParallel = 1;
				LastSwiftUpdateCheck = 1310;
				LastUpgradeCheck = 1310;
				TargetAttributes = {
					71B5A5D7278E3B0C004D0969 = {
						CreatedOnToolsVersion = 13.1;
					};
				};
			};
			buildConfigurationList = 71B5A5D3278E3B0B004D0969 /* Build configuration list for PBXProject "TesteMobile2You" */;
			compatibilityVersion = "Xcode 13.0";
			developmentRegion = en;
			hasScannedForEncodings = 0;
			knownRegions = (
				en,
				Base,
			);
			mainGroup = 71B5A5CF278E3B0B004D0969;
			productRefGroup = 71B5A5D9278E3B0C004D0969 /* Products */;
			projectDirPath = "";
			projectRoot = "";
			targets = (
				71B5A5D7278E3B0C004D0969 /* TesteMobile2You */,
			);
		};
/* End PBXProject section */

/* Begin PBXResourcesBuildPhase section */
		71B5A5D6278E3B0C004D0969 /* Resources */ = {
			isa = PBXResourcesBuildPhase;
			buildActionMask = 2147483647;
			files = (
				71B5A5E8278E3B10004D0969 /* LaunchScreen.storyboard in Resources */,
				71B5A5E5278E3B10004D0969 /* Assets.xcassets in Resources */,
			);
			runOnlyForDeploymentPostprocessing = 0;
		};
/* End PBXResourcesBuildPhase section */

/* Begin PBXSourcesBuildPhase section */
		71B5A5D4278E3B0C004D0969 /* Sources */ = {
			isa = PBXSourcesBuildPhase;
			buildActionMask = 2147483647;
			files = (
				7133544A278E5705002C617A /* MovieHeaderView.swift in Sources */,
				71B5A5DC278E3B0C004D0969 /* AppDelegate.swift in Sources */,
				71B5A5DE278E3B0C004D0969 /* SceneDelegate.swift in Sources */,
				71335447278E4B55002C617A /* MoviesModel.swift in Sources */,
				71335444278E41D4002C617A /* ConfiViewProtocol.swift in Sources */,
				71B5A5F3278E3EBB004D0969 /* MoviesView.swift in Sources */,
				71B5A5F0278E3CEE004D0969 /* MoviesViewController.swift in Sources */,
			);
			runOnlyForDeploymentPostprocessing = 0;
		};
/* End PBXSourcesBuildPhase section */

/* Begin PBXVariantGroup section */
		71B5A5E6278E3B10004D0969 /* LaunchScreen.storyboard */ = {
			isa = PBXVariantGroup;
			children = (
				71B5A5E7278E3B10004D0969 /* Base */,
			);
			name = LaunchScreen.storyboard;
			sourceTree = "<group>";
		};
/* End PBXVariantGroup section */

/* Begin XCBuildConfiguration section */
		71B5A5EA278E3B10004D0969 /* Debug */ = {
			isa = XCBuildConfiguration;
			buildSettings = {
				ALWAYS_SEARCH_USER_PATHS = NO;
				CLANG_ANALYZER_NONNULL = YES;
				CLANG_ANALYZER_NUMBER_OBJECT_CONVERSION = YES_AGGRESSIVE;
				CLANG_CXX_LANGUAGE_STANDARD = "gnu++17";
				CLANG_CXX_LIBRARY = "libc++";
				CLANG_ENABLE_MODULES = YES;
				CLANG_ENABLE_OBJC_ARC = YES;
				CLANG_ENABLE_OBJC_WEAK = YES;
				CLANG_WARN_BLOCK_CAPTURE_AUTORELEASING = YES;
				CLANG_WARN_BOOL_CONVERSION = YES;
				CLANG_WARN_COMMA = YES;
				CLANG_WARN_CONSTANT_CONVERSION = YES;
				CLANG_WARN_DEPRECATED_OBJC_IMPLEMENTATIONS = YES;
				CLANG_WARN_DIRECT_OBJC_ISA_USAGE = YES_ERROR;
				CLANG_WARN_DOCUMENTATION_COMMENTS = YES;
				CLANG_WARN_EMPTY_BODY = YES;
				CLANG_WARN_ENUM_CONVERSION = YES;
				CLANG_WARN_INFINITE_RECURSION = YES;
				CLANG_WARN_INT_CONVERSION = YES;
				CLANG_WARN_NON_LITERAL_NULL_CONVERSION = YES;
				CLANG_WARN_OBJC_IMPLICIT_RETAIN_SELF = YES;
				CLANG_WARN_OBJC_LITERAL_CONVERSION = YES;
				CLANG_WARN_OBJC_ROOT_CLASS = YES_ERROR;
				CLANG_WARN_QUOTED_INCLUDE_IN_FRAMEWORK_HEADER = YES;
				CLANG_WARN_RANGE_LOOP_ANALYSIS = YES;
				CLANG_WARN_STRICT_PROTOTYPES = YES;
				CLANG_WARN_SUSPICIOUS_MOVE = YES;
				CLANG_WARN_UNGUARDED_AVAILABILITY = YES_AGGRESSIVE;
				CLANG_WARN_UNREACHABLE_CODE = YES;
				CLANG_WARN__DUPLICATE_METHOD_MATCH = YES;
				COPY_PHASE_STRIP = NO;
				DEBUG_INFORMATION_FORMAT = dwarf;
				ENABLE_STRICT_OBJC_MSGSEND = YES;
				ENABLE_TESTABILITY = YES;
				GCC_C_LANGUAGE_STANDARD = gnu11;
				GCC_DYNAMIC_NO_PIC = NO;
				GCC_NO_COMMON_BLOCKS = YES;
				GCC_OPTIMIZATION_LEVEL = 0;
				GCC_PREPROCESSOR_DEFINITIONS = (
					"DEBUG=1",
					"$(inherited)",
				);
				GCC_WARN_64_TO_32_BIT_CONVERSION = YES;
				GCC_WARN_ABOUT_RETURN_TYPE = YES_ERROR;
				GCC_WARN_UNDECLARED_SELECTOR = YES;
				GCC_WARN_UNINITIALIZED_AUTOS = YES_AGGRESSIVE;
				GCC_WARN_UNUSED_FUNCTION = YES;
				GCC_WARN_UNUSED_VARIABLE = YES;
				IPHONEOS_DEPLOYMENT_TARGET = 15.0;
				MTL_ENABLE_DEBUG_INFO = INCLUDE_SOURCE;
				MTL_FAST_MATH = YES;
				ONLY_ACTIVE_ARCH = YES;
				SDKROOT = iphoneos;
				SWIFT_ACTIVE_COMPILATION_CONDITIONS = DEBUG;
				SWIFT_OPTIMIZATION_LEVEL = "-Onone";
			};
			name = Debug;
		};
		71B5A5EB278E3B10004D0969 /* Release */ = {
			isa = XCBuildConfiguration;
			buildSettings = {
				ALWAYS_SEARCH_USER_PATHS = NO;
				CLANG_ANALYZER_NONNULL = YES;
				CLANG_ANALYZER_NUMBER_OBJECT_CONVERSION = YES_AGGRESSIVE;
				CLANG_CXX_LANGUAGE_STANDARD = "gnu++17";
				CLANG_CXX_LIBRARY = "libc++";
				CLANG_ENABLE_MODULES = YES;
				CLANG_ENABLE_OBJC_ARC = YES;
				CLANG_ENABLE_OBJC_WEAK = YES;
				CLANG_WARN_BLOCK_CAPTURE_AUTORELEASING = YES;
				CLANG_WARN_BOOL_CONVERSION = YES;
				CLANG_WARN_COMMA = YES;
				CLANG_WARN_CONSTANT_CONVERSION = YES;
				CLANG_WARN_DEPRECATED_OBJC_IMPLEMENTATIONS = YES;
				CLANG_WARN_DIRECT_OBJC_ISA_USAGE = YES_ERROR;
				CLANG_WARN_DOCUMENTATION_COMMENTS = YES;
				CLANG_WARN_EMPTY_BODY = YES;
				CLANG_WARN_ENUM_CONVERSION = YES;
				CLANG_WARN_INFINITE_RECURSION = YES;
				CLANG_WARN_INT_CONVERSION = YES;
				CLANG_WARN_NON_LITERAL_NULL_CONVERSION = YES;
				CLANG_WARN_OBJC_IMPLICIT_RETAIN_SELF = YES;
				CLANG_WARN_OBJC_LITERAL_CONVERSION = YES;
				CLANG_WARN_OBJC_ROOT_CLASS = YES_ERROR;
				CLANG_WARN_QUOTED_INCLUDE_IN_FRAMEWORK_HEADER = YES;
				CLANG_WARN_RANGE_LOOP_ANALYSIS = YES;
				CLANG_WARN_STRICT_PROTOTYPES = YES;
				CLANG_WARN_SUSPICIOUS_MOVE = YES;
				CLANG_WARN_UNGUARDED_AVAILABILITY = YES_AGGRESSIVE;
				CLANG_WARN_UNREACHABLE_CODE = YES;
				CLANG_WARN__DUPLICATE_METHOD_MATCH = YES;
				COPY_PHASE_STRIP = NO;
				DEBUG_INFORMATION_FORMAT = "dwarf-with-dsym";
				ENABLE_NS_ASSERTIONS = NO;
				ENABLE_STRICT_OBJC_MSGSEND = YES;
				GCC_C_LANGUAGE_STANDARD = gnu11;
				GCC_NO_COMMON_BLOCKS = YES;
				GCC_WARN_64_TO_32_BIT_CONVERSION = YES;
				GCC_WARN_ABOUT_RETURN_TYPE = YES_ERROR;
				GCC_WARN_UNDECLARED_SELECTOR = YES;
				GCC_WARN_UNINITIALIZED_AUTOS = YES_AGGRESSIVE;
				GCC_WARN_UNUSED_FUNCTION = YES;
				GCC_WARN_UNUSED_VARIABLE = YES;
				IPHONEOS_DEPLOYMENT_TARGET = 15.0;
				MTL_ENABLE_DEBUG_INFO = NO;
				MTL_FAST_MATH = YES;
				SDKROOT = iphoneos;
				SWIFT_COMPILATION_MODE = wholemodule;
				SWIFT_OPTIMIZATION_LEVEL = "-O";
				VALIDATE_PRODUCT = YES;
			};
			name = Release;
		};
		71B5A5ED278E3B10004D0969 /* Debug */ = {
			isa = XCBuildConfiguration;
			buildSettings = {
				ASSETCATALOG_COMPILER_APPICON_NAME = AppIcon;
				ASSETCATALOG_COMPILER_GLOBAL_ACCENT_COLOR_NAME = AccentColor;
				CODE_SIGN_STYLE = Automatic;
				CURRENT_PROJECT_VERSION = 1;
				DEVELOPMENT_TEAM = R6MG383L8D;
				GENERATE_INFOPLIST_FILE = YES;
				INFOPLIST_FILE = TesteMobile2You/Info.plist;
				INFOPLIST_KEY_UIApplicationSupportsIndirectInputEvents = YES;
				INFOPLIST_KEY_UILaunchStoryboardName = LaunchScreen;
				INFOPLIST_KEY_UISupportedInterfaceOrientations_iPad = "UIInterfaceOrientationPortrait UIInterfaceOrientationPortraitUpsideDown UIInterfaceOrientationLandscapeLeft UIInterfaceOrientationLandscapeRight";
				INFOPLIST_KEY_UISupportedInterfaceOrientations_iPhone = "UIInterfaceOrientationPortrait UIInterfaceOrientationLandscapeLeft UIInterfaceOrientationLandscapeRight";
				LD_RUNPATH_SEARCH_PATHS = (
					"$(inherited)",
					"@executable_path/Frameworks",
				);
				MARKETING_VERSION = 1.0;
				PRODUCT_BUNDLE_IDENTIFIER = com.felipeforcinetti.TesteMobile2You;
				PRODUCT_NAME = "$(TARGET_NAME)";
				SWIFT_EMIT_LOC_STRINGS = YES;
				SWIFT_VERSION = 5.0;
				TARGETED_DEVICE_FAMILY = "1,2";
			};
			name = Debug;
		};
		71B5A5EE278E3B10004D0969 /* Release */ = {
			isa = XCBuildConfiguration;
			buildSettings = {
				ASSETCATALOG_COMPILER_APPICON_NAME = AppIcon;
				ASSETCATALOG_COMPILER_GLOBAL_ACCENT_COLOR_NAME = AccentColor;
				CODE_SIGN_STYLE = Automatic;
				CURRENT_PROJECT_VERSION = 1;
				DEVELOPMENT_TEAM = R6MG383L8D;
				GENERATE_INFOPLIST_FILE = YES;
				INFOPLIST_FILE = TesteMobile2You/Info.plist;
				INFOPLIST_KEY_UIApplicationSupportsIndirectInputEvents = YES;
				INFOPLIST_KEY_UILaunchStoryboardName = LaunchScreen;
				INFOPLIST_KEY_UISupportedInterfaceOrientations_iPad = "UIInterfaceOrientationPortrait UIInterfaceOrientationPortraitUpsideDown UIInterfaceOrientationLandscapeLeft UIInterfaceOrientationLandscapeRight";
				INFOPLIST_KEY_UISupportedInterfaceOrientations_iPhone = "UIInterfaceOrientationPortrait UIInterfaceOrientationLandscapeLeft UIInterfaceOrientationLandscapeRight";
				LD_RUNPATH_SEARCH_PATHS = (
					"$(inherited)",
					"@executable_path/Frameworks",
				);
				MARKETING_VERSION = 1.0;
				PRODUCT_BUNDLE_IDENTIFIER = com.felipeforcinetti.TesteMobile2You;
				PRODUCT_NAME = "$(TARGET_NAME)";
				SWIFT_EMIT_LOC_STRINGS = YES;
				SWIFT_VERSION = 5.0;
				TARGETED_DEVICE_FAMILY = "1,2";
			};
			name = Release;
		};
/* End XCBuildConfiguration section */

/* Begin XCConfigurationList section */
		71B5A5D3278E3B0B004D0969 /* Build configuration list for PBXProject "TesteMobile2You" */ = {
			isa = XCConfigurationList;
			buildConfigurations = (
				71B5A5EA278E3B10004D0969 /* Debug */,
				71B5A5EB278E3B10004D0969 /* Release */,
			);
			defaultConfigurationIsVisible = 0;
			defaultConfigurationName = Release;
		};
		71B5A5EC278E3B10004D0969 /* Build configuration list for PBXNativeTarget "TesteMobile2You" */ = {
			isa = XCConfigurationList;
			buildConfigurations = (
				71B5A5ED278E3B10004D0969 /* Debug */,
				71B5A5EE278E3B10004D0969 /* Release */,
			);
			defaultConfigurationIsVisible = 0;
			defaultConfigurationName = Release;
		};
/* End XCConfigurationList section */
	};
	rootObject = 71B5A5D0278E3B0B004D0969 /* Project object */;
}
